
Microsoft Visual Studio Solution File, Format Version 12.00
# Visual Studio 15
VisualStudioVersion = 15.0.27703.2035
MinimumVisualStudioVersion = 10.0.40219.1
Project("{FAE04EC0-301F-11D3-BF4B-00C04F79EFBC}") = "Sporting", "Sporting\Sporting.csproj", "{76ACD8A3-100C-445B-917F-0DDDFB9EC989}"
EndProject
Project("{FAE04EC0-301F-11D3-BF4B-00C04F79EFBC}") = "SportModels", "SportModels\SportModels.csproj", "{C76B033A-1208-49DF-B3E8-2ED8912810FE}"
EndProject
Project("{FAE04EC0-301F-11D3-BF4B-00C04F79EFBC}") = "SportServiceDAL", "SportServiceDAL\SportServiceDAL.csproj", "{5A4F1541-2786-42EC-817D-9E06C82EBBBE}"
EndProject
Global
	GlobalSection(SolutionConfigurationPlatforms) = preSolution
		Debug|Any CPU = Debug|Any CPU
		Release|Any CPU = Release|Any CPU
	EndGlobalSection
	GlobalSection(ProjectConfigurationPlatforms) = postSolution
		{76ACD8A3-100C-445B-917F-0DDDFB9EC989}.Debug|Any CPU.ActiveCfg = Debug|Any CPU
		{76ACD8A3-100C-445B-917F-0DDDFB9EC989}.Debug|Any CPU.Build.0 = Debug|Any CPU
		{76ACD8A3-100C-445B-917F-0DDDFB9EC989}.Release|Any CPU.ActiveCfg = Release|Any CPU
		{76ACD8A3-100C-445B-917F-0DDDFB9EC989}.Release|Any CPU.Build.0 = Release|Any CPU
		{C76B033A-1208-49DF-B3E8-2ED8912810FE}.Debug|Any CPU.ActiveCfg = Debug|Any CPU
		{C76B033A-1208-49DF-B3E8-2ED8912810FE}.Debug|Any CPU.Build.0 = Debug|Any CPU
		{C76B033A-1208-49DF-B3E8-2ED8912810FE}.Release|Any CPU.ActiveCfg = Release|Any CPU
		{C76B033A-1208-49DF-B3E8-2ED8912810FE}.Release|Any CPU.Build.0 = Release|Any CPU
		{5A4F1541-2786-42EC-817D-9E06C82EBBBE}.Debug|Any CPU.ActiveCfg = Debug|Any CPU
		{5A4F1541-2786-42EC-817D-9E06C82EBBBE}.Debug|Any CPU.Build.0 = Debug|Any CPU
		{5A4F1541-2786-42EC-817D-9E06C82EBBBE}.Release|Any CPU.ActiveCfg = Release|Any CPU
		{5A4F1541-2786-42EC-817D-9E06C82EBBBE}.Release|Any CPU.Build.0 = Release|Any CPU
	EndGlobalSection
	GlobalSection(SolutionProperties) = preSolution
		HideSolutionNode = FALSE
	EndGlobalSection
	GlobalSection(ExtensibilityGlobals) = postSolution
		SolutionGuid = {A3CF7EAC-C478-48CE-9123-3D5212254FD4}
	EndGlobalSection
EndGlobal
